lockfileVersion: '9.0'

settings:
  autoInstallPeers: true
  excludeLinksFromLockfile: false

importers:

  .:
    dependencies:
      '@openzeppelin/contracts-upgradeable':
        specifier: ^5.0.0
        version: 5.4.0(@openzeppelin/contracts@5.4.0)
    devDependencies:
      '@openzeppelin/contracts':
        specifier: ^5.3.0
        version: 5.4.0
      '@pythnetwork/pyth-sdk-solidity':
        specifier: ^4.3.1
        version: 4.3.1
      '@uniswap/v4-core':
        specifier: ^1.0.1
        version: 1.0.2
      '@uniswap/v4-periphery':
        specifier: ^1.0.1
        version: 1.0.3
      solmate:
        specifier: ^6.8.0
        version: 6.8.0

packages:

  '@openzeppelin/contracts-upgradeable@5.4.0':
    resolution: {integrity: sha512-STJKyDzUcYuB35Zub1JpWW58JxvrFFVgQ+Ykdr8A9PGXgtq/obF5uoh07k2XmFyPxfnZdPdBdhkJ/n2YxJ87HQ==}
    peerDependencies:
      '@openzeppelin/contracts': 5.4.0

  '@openzeppelin/contracts@5.4.0':
    resolution: {integrity: sha512-eCYgWnLg6WO+X52I16TZt8uEjbtdkgLC0SUX/xnAksjjrQI4Xfn4iBRoI5j55dmlOhDv1Y7BoR3cU7e3WWhC6A==}

  '@pythnetwork/pyth-sdk-solidity@4.3.1':
    resolution: {integrity: sha512-dAzsVDSKXS/Tbhik5Hp2kix3vDp98SlCXmputDIOkVyF4SKKnhXmIn+iGVmSQdrlF9jCFtvjBj7XYP+9wwpA4A==}
    engines: {node: '>=22.14.0'}

  '@uniswap/v4-core@1.0.2':
    resolution: {integrity: sha512-X15Tm2wWd+USAzEExMbo+g9naA6QN6mPgWm0MzDwRNlOfaNlepfUpSyt9RSrUfEODspwbyWbcLg6t5nwc/e7lg==}

  '@uniswap/v4-periphery@1.0.3':
    resolution: {integrity: sha512-JxLL0Djv9XcMvI2PatEnWrCrxuEaYNVhHxstndBOP+aJfh1XLg5ec8SDZ0xyoVfg2ElJTvuKpBgnu90bNValsg==}

  solmate@6.8.0:
    resolution: {integrity: sha512-/oI8kgEvSxGG1mrFv3FmCEZd0F8Z9VzRmoYMIhzmmzt6mjtPwfdCm3oh8yOL7bMHJBSfXJuMpnMPrM0uyaKsKg==}

snapshots:

  '@openzeppelin/contracts-upgradeable@5.4.0(@openzeppelin/contracts@5.4.0)':
    dependencies:
      '@openzeppelin/contracts': 5.4.0

  '@openzeppelin/contracts@5.4.0': {}

  '@pythnetwork/pyth-sdk-solidity@4.3.1': {}

  '@uniswap/v4-core@1.0.2': {}

  '@uniswap/v4-periphery@1.0.3': {}

  solmate@6.8.0: {}
